// !$*UTF8*$!
{ archiveVersion = 1; classes = {}; objectVersion = 56; objects = {
4ACD9A6969462CFBEBD93306 = { isa = PBXFileReference; lastKnownFileType = sourcecode.swift; path = "Odysseus/App/AppStore.swift"; sourceTree = SOURCE_ROOT; };
D150DCC28626F6B83603CF0F = { isa = PBXBuildFile; fileRef = 4ACD9A6969462CFBEBD93306; };
818CC639E0628C585B76B094 = { isa = PBXFileReference; lastKnownFileType = sourcecode.swift; path = "Odysseus/App/OdysseusApp.swift"; sourceTree = SOURCE_ROOT; };
1854E7C5AB30C68C46DFACE7 = { isa = PBXBuildFile; fileRef = 818CC639E0628C585B76B094; };
FD9E03457DE1CA025024982B = { isa = PBXFileReference; lastKnownFileType = sourcecode.swift; path = "Odysseus/Core/CredentialVault.swift"; sourceTree = SOURCE_ROOT; };
75F5FF6C95BAE10C58243AC7 = { isa = PBXBuildFile; fileRef = FD9E03457DE1CA025024982B; };
1FBF8238670758BA658E1130 = { isa = PBXFileReference; lastKnownFileType = sourcecode.swift; path = "Odysseus/Core/JSONValue.swift"; sourceTree = SOURCE_ROOT; };
8ECC81E11CED081F39A83490 = { isa = PBXBuildFile; fileRef = 1FBF8238670758BA658E1130; };
01BE6289A4AB37E423A1FA3F = { isa = PBXFileReference; lastKnownFileType = sourcecode.swift; path = "Odysseus/Core/Models.swift"; sourceTree = SOURCE_ROOT; };
76976EC4915EFD35AFD5731B = { isa = PBXBuildFile; fileRef = 01BE6289A4AB37E423A1FA3F; };
D9FB149BD19C3EBC4D4A1BDE = { isa = PBXFileReference; lastKnownFileType = sourcecode.swift; path = "Odysseus/Core/OdysseusAPI.swift"; sourceTree = SOURCE_ROOT; };
933D10A1D4E6147B75182858 = { isa = PBXBuildFile; fileRef = D9FB149BD19C3EBC4D4A1BDE; };
DAC9A91DE2637E89CA5C7CBC = { isa = PBXFileReference; lastKnownFileType = sourcecode.swift; path = "Odysseus/Core/SSEParser.swift"; sourceTree = SOURCE_ROOT; };
F307B805E2846AE8474E6AE1 = { isa = PBXBuildFile; fileRef = DAC9A91DE2637E89CA5C7CBC; };
ED83121B98C2D93D44E0AE28 = { isa = PBXFileReference; lastKnownFileType = sourcecode.swift; path = "Odysseus/Views/ChatView.swift"; sourceTree = SOURCE_ROOT; };
C5335317FF3008F512C9A1F9 = { isa = PBXBuildFile; fileRef = ED83121B98C2D93D44E0AE28; };
31671AEBE128D54E6CF40CA4 = { isa = PBXFileReference; lastKnownFileType = sourcecode.swift; path = "Odysseus/Views/MessageView.swift"; sourceTree = SOURCE_ROOT; };
4F0C7353945E3330E5BD844F = { isa = PBXBuildFile; fileRef = 31671AEBE128D54E6CF40CA4; };
B9E1699CE64D7220C50D6B85 = { isa = PBXFileReference; lastKnownFileType = sourcecode.swift; path = "Odysseus/Views/ModelControlsView.swift"; sourceTree = SOURCE_ROOT; };
49D6BA428580451702CE3B02 = { isa = PBXBuildFile; fileRef = B9E1699CE64D7220C50D6B85; };
5C3D484A59A51AF47526E7B7 = { isa = PBXFileReference; lastKnownFileType = sourcecode.swift; path = "Odysseus/Views/PersonaView.swift"; sourceTree = SOURCE_ROOT; };
5C05E73C3E0AE3ECE4100FCE = { isa = PBXBuildFile; fileRef = 5C3D484A59A51AF47526E7B7; };
B452B6C4AF8CDCD4683B4046 = { isa = PBXFileReference; lastKnownFileType = sourcecode.swift; path = "Odysseus/Views/RootView.swift"; sourceTree = SOURCE_ROOT; };
BF26A4217581637CA132F2D7 = { isa = PBXBuildFile; fileRef = B452B6C4AF8CDCD4683B4046; };
B2F16CD51B9465029DA56D08 = { isa = PBXGroup; name = Odysseus; children = (4ACD9A6969462CFBEBD93306, 818CC639E0628C585B76B094, FD9E03457DE1CA025024982B, 1FBF8238670758BA658E1130, 01BE6289A4AB37E423A1FA3F, D9FB149BD19C3EBC4D4A1BDE, DAC9A91DE2637E89CA5C7CBC, ED83121B98C2D93D44E0AE28, 31671AEBE128D54E6CF40CA4, B9E1699CE64D7220C50D6B85, 5C3D484A59A51AF47526E7B7, B452B6C4AF8CDCD4683B4046,); sourceTree = "<group>"; };
0B7EDEE520D44F51B675334B = { isa = PBXFileReference; explicitFileType = wrapper.application; path = Odysseus.app; sourceTree = BUILT_PRODUCTS_DIR; };
3FC5DF926E0C837A32E9003A = { isa = PBXSourcesBuildPhase; buildActionMask = 2147483647; files = (D150DCC28626F6B83603CF0F, 1854E7C5AB30C68C46DFACE7, 75F5FF6C95BAE10C58243AC7, 8ECC81E11CED081F39A83490, 76976EC4915EFD35AFD5731B, 933D10A1D4E6147B75182858, F307B805E2846AE8474E6AE1, C5335317FF3008F512C9A1F9, 4F0C7353945E3330E5BD844F, 49D6BA428580451702CE3B02, 5C05E73C3E0AE3ECE4100FCE, BF26A4217581637CA132F2D7,); runOnlyForDeploymentPostprocessing = 0; };
CE93A0D2C675F80D6FEB6578 = { isa = PBXFrameworksBuildPhase; buildActionMask = 2147483647; files = (); runOnlyForDeploymentPostprocessing = 0; };
AC6ABA557FE7FCFC486F4EB8 = { isa = PBXFileReference; path = "Odysseus/Resources/FiraCode-LICENSE.txt"; sourceTree = SOURCE_ROOT; };
7C3AA49DB614ACC6B0991D77 = { isa = PBXBuildFile; fileRef = AC6ABA557FE7FCFC486F4EB8; };
6A8C2734187B70F630F3AB25 = { isa = PBXFileReference; path = "Odysseus/Resources/FiraCode-Regular.ttf"; sourceTree = SOURCE_ROOT; };
58B39DABF057E378D749E9D0 = { isa = PBXBuildFile; fileRef = 6A8C2734187B70F630F3AB25; };
9ADFCB3C8267EAC33A79D6F0 = { isa = PBXFileReference; path = "Odysseus/Resources/OdysseusIcon.png"; sourceTree = SOURCE_ROOT; };
E64C44972BAE2677D441F3AE = { isa = PBXBuildFile; fileRef = 9ADFCB3C8267EAC33A79D6F0; };
0019A73AB03E9AB68FE4F4E5 = { isa = PBXResourcesBuildPhase; buildActionMask = 2147483647; files = (7C3AA49DB614ACC6B0991D77, 58B39DABF057E378D749E9D0, E64C44972BAE2677D441F3AE,); runOnlyForDeploymentPostprocessing = 0; };
F2690E3DAD2F84BE42E784B7 = { isa = XCBuildConfiguration; name = Debug; buildSettings = {PRODUCT_NAME = "$(TARGET_NAME)"; PRODUCT_BUNDLE_IDENTIFIER = "dev.afterglow.odysseus.ios"; SWIFT_VERSION = "5.0"; IPHONEOS_DEPLOYMENT_TARGET = "17.0"; TARGETED_DEVICE_FAMILY = "1,2"; SDKROOT = "iphoneos"; SUPPORTED_PLATFORMS = "iphoneos iphonesimulator"; CODE_SIGN_STYLE = "Automatic"; GENERATE_INFOPLIST_FILE = "NO"; INFOPLIST_FILE = "Odysseus/Info.plist"; CODE_SIGN_ENTITLEMENTS = "Odysseus/Odysseus.entitlements"; SWIFT_OPTIMIZATION_LEVEL = "-Onone"; SWIFT_ACTIVE_COMPILATION_CONDITIONS = "DEBUG"; ENABLE_TESTABILITY = "YES";}; };
8F4D4689863D44366373F5C4 = { isa = XCBuildConfiguration; name = Release; buildSettings = {PRODUCT_NAME = "$(TARGET_NAME)"; PRODUCT_BUNDLE_IDENTIFIER = "dev.afterglow.odysseus.ios"; SWIFT_VERSION = "5.0"; IPHONEOS_DEPLOYMENT_TARGET = "17.0"; TARGETED_DEVICE_FAMILY = "1,2"; SDKROOT = "iphoneos"; SUPPORTED_PLATFORMS = "iphoneos iphonesimulator"; CODE_SIGN_STYLE = "Automatic"; GENERATE_INFOPLIST_FILE = "NO"; INFOPLIST_FILE = "Odysseus/Info.plist"; CODE_SIGN_ENTITLEMENTS = "Odysseus/Odysseus.entitlements"; SWIFT_OPTIMIZATION_LEVEL = "-O";}; };
F5F905B90D250CD1A9D1B614 = { isa = XCConfigurationList; buildConfigurations = (F2690E3DAD2F84BE42E784B7, 8F4D4689863D44366373F5C4,); defaultConfigurationIsVisible = 0; defaultConfigurationName = Release; };
733B51755F08ADFDE88065E8 = { isa = PBXNativeTarget; name = Odysseus; productName = Odysseus; productReference = 0B7EDEE520D44F51B675334B; productType = "com.apple.product-type.application"; buildConfigurationList = F5F905B90D250CD1A9D1B614; buildPhases = (3FC5DF926E0C837A32E9003A, CE93A0D2C675F80D6FEB6578, 0019A73AB03E9AB68FE4F4E5,); buildRules = (); dependencies = (); };
9082917BA9E6E7D89ECC14FF = { isa = PBXFileReference; lastKnownFileType = sourcecode.swift; path = "OdysseusTests/APIIntegrationTests.swift"; sourceTree = SOURCE_ROOT; };
2C1706E6B83AE19B35911160 = { isa = PBXBuildFile; fileRef = 9082917BA9E6E7D89ECC14FF; };
62EECB78979E856185C7F829 = { isa = PBXFileReference; lastKnownFileType = sourcecode.swift; path = "OdysseusTests/ProtocolTests.swift"; sourceTree = SOURCE_ROOT; };
412BDF46F15200857C569B92 = { isa = PBXBuildFile; fileRef = 62EECB78979E856185C7F829; };
6EB326A38D7D478D720B8D89 = { isa = PBXGroup; name = OdysseusTests; children = (9082917BA9E6E7D89ECC14FF, 62EECB78979E856185C7F829,); sourceTree = "<group>"; };
0F1BB79A5F04EEE8315C3642 = { isa = PBXFileReference; explicitFileType = wrapper.cfbundle; path = OdysseusTests.xctest; sourceTree = BUILT_PRODUCTS_DIR; };
833DC9A86CAEF480422ACDD4 = { isa = PBXSourcesBuildPhase; buildActionMask = 2147483647; files = (2C1706E6B83AE19B35911160, 412BDF46F15200857C569B92,); runOnlyForDeploymentPostprocessing = 0; };
DBE30ED6A22C04286882E5AD = { isa = PBXFrameworksBuildPhase; buildActionMask = 2147483647; files = (); runOnlyForDeploymentPostprocessing = 0; };
210901E73A40C0DE16257FEF = { isa = PBXResourcesBuildPhase; buildActionMask = 2147483647; files = (); runOnlyForDeploymentPostprocessing = 0; };
6E156999F3CA8F90F6CA320A = { isa = PBXContainerItemProxy; containerPortal = 98F54143AB4E86B28C3AFEE0; proxyType = 1; remoteGlobalIDString = 733B51755F08ADFDE88065E8; remoteInfo = Odysseus; };
F640FFFE7A56A1D75F0BA717 = { isa = PBXTargetDependency; target = 733B51755F08ADFDE88065E8; targetProxy = 6E156999F3CA8F90F6CA320A; };
F5087DC067A75B41512AD2FD = { isa = XCBuildConfiguration; name = Debug; buildSettings = {PRODUCT_NAME = "$(TARGET_NAME)"; PRODUCT_BUNDLE_IDENTIFIER = "dev.afterglow.odysseus.ios.odysseustests"; SWIFT_VERSION = "5.0"; IPHONEOS_DEPLOYMENT_TARGET = "17.0"; TARGETED_DEVICE_FAMILY = "1,2"; SDKROOT = "iphoneos"; SUPPORTED_PLATFORMS = "iphoneos iphonesimulator"; CODE_SIGN_STYLE = "Automatic"; GENERATE_INFOPLIST_FILE = "YES"; TEST_HOST = "$(BUILT_PRODUCTS_DIR)/Odysseus.app/Odysseus"; BUNDLE_LOADER = "$(TEST_HOST)"; SWIFT_OPTIMIZATION_LEVEL = "-Onone"; SWIFT_ACTIVE_COMPILATION_CONDITIONS = "DEBUG"; ENABLE_TESTABILITY = "YES";}; };
6E6EA79B4F9BABC70BEDC67D = { isa = XCBuildConfiguration; name = Release; buildSettings = {PRODUCT_NAME = "$(TARGET_NAME)"; PRODUCT_BUNDLE_IDENTIFIER = "dev.afterglow.odysseus.ios.odysseustests"; SWIFT_VERSION = "5.0"; IPHONEOS_DEPLOYMENT_TARGET = "17.0"; TARGETED_DEVICE_FAMILY = "1,2"; SDKROOT = "iphoneos"; SUPPORTED_PLATFORMS = "iphoneos iphonesimulator"; CODE_SIGN_STYLE = "Automatic"; GENERATE_INFOPLIST_FILE = "YES"; TEST_HOST = "$(BUILT_PRODUCTS_DIR)/Odysseus.app/Odysseus"; BUNDLE_LOADER = "$(TEST_HOST)"; SWIFT_OPTIMIZATION_LEVEL = "-O";}; };
0F705877A22A8FD4589A5A06 = { isa = XCConfigurationList; buildConfigurations = (F5087DC067A75B41512AD2FD, 6E6EA79B4F9BABC70BEDC67D,); defaultConfigurationIsVisible = 0; defaultConfigurationName = Release; };
61313939CC0004B4F1CC9C24 = { isa = PBXNativeTarget; name = OdysseusTests; productName = OdysseusTests; productReference = 0F1BB79A5F04EEE8315C3642; productType = "com.apple.product-type.bundle.unit-test"; buildConfigurationList = 0F705877A22A8FD4589A5A06; buildPhases = (833DC9A86CAEF480422ACDD4, DBE30ED6A22C04286882E5AD, 210901E73A40C0DE16257FEF,); buildRules = (); dependencies = (F640FFFE7A56A1D75F0BA717,); };
0A698A93CA6EBF88EC33C415 = { isa = PBXFileReference; lastKnownFileType = sourcecode.swift; path = "OdysseusUITests/ClientFlowTests.swift"; sourceTree = SOURCE_ROOT; };
6F38FEEB4E1CAA7CBE3F9D6B = { isa = PBXBuildFile; fileRef = 0A698A93CA6EBF88EC33C415; };
5D54F26002642E405E2FCE82 = { isa = PBXGroup; name = OdysseusUITests; children = (0A698A93CA6EBF88EC33C415,); sourceTree = "<group>"; };
51231B344457F986E4BCF72B = { isa = PBXFileReference; explicitFileType = wrapper.cfbundle; path = OdysseusUITests.xctest; sourceTree = BUILT_PRODUCTS_DIR; };
1FE9A5C5F95B6340F010D460 = { isa = PBXSourcesBuildPhase; buildActionMask = 2147483647; files = (6F38FEEB4E1CAA7CBE3F9D6B,); runOnlyForDeploymentPostprocessing = 0; };
0CC78B8A0A64B7DBC539D32D = { isa = PBXFrameworksBuildPhase; buildActionMask = 2147483647; files = (); runOnlyForDeploymentPostprocessing = 0; };
76D86D9BF954968D561837CE = { isa = PBXResourcesBuildPhase; buildActionMask = 2147483647; files = (); runOnlyForDeploymentPostprocessing = 0; };
A0016BD0029B08CE47874254 = { isa = PBXContainerItemProxy; containerPortal = 98F54143AB4E86B28C3AFEE0; proxyType = 1; remoteGlobalIDString = 733B51755F08ADFDE88065E8; remoteInfo = Odysseus; };
23FE32B4BD89B4182CB0B659 = { isa = PBXTargetDependency; target = 733B51755F08ADFDE88065E8; targetProxy = A0016BD0029B08CE47874254; };
C418F3CDD69F5CCCFF6800EC = { isa = XCBuildConfiguration; name = Debug; buildSettings = {PRODUCT_NAME = "$(TARGET_NAME)"; PRODUCT_BUNDLE_IDENTIFIER = "dev.afterglow.odysseus.ios.odysseusuitests"; SWIFT_VERSION = "5.0"; IPHONEOS_DEPLOYMENT_TARGET = "17.0"; TARGETED_DEVICE_FAMILY = "1,2"; SDKROOT = "iphoneos"; SUPPORTED_PLATFORMS = "iphoneos iphonesimulator"; CODE_SIGN_STYLE = "Automatic"; GENERATE_INFOPLIST_FILE = "YES"; TEST_TARGET_NAME = "Odysseus"; SWIFT_OPTIMIZATION_LEVEL = "-Onone"; SWIFT_ACTIVE_COMPILATION_CONDITIONS = "DEBUG"; ENABLE_TESTABILITY = "YES";}; };
9115AE4722E8938E257CE76E = { isa = XCBuildConfiguration; name = Release; buildSettings = {PRODUCT_NAME = "$(TARGET_NAME)"; PRODUCT_BUNDLE_IDENTIFIER = "dev.afterglow.odysseus.ios.odysseusuitests"; SWIFT_VERSION = "5.0"; IPHONEOS_DEPLOYMENT_TARGET = "17.0"; TARGETED_DEVICE_FAMILY = "1,2"; SDKROOT = "iphoneos"; SUPPORTED_PLATFORMS = "iphoneos iphonesimulator"; CODE_SIGN_STYLE = "Automatic"; GENERATE_INFOPLIST_FILE = "YES"; TEST_TARGET_NAME = "Odysseus"; SWIFT_OPTIMIZATION_LEVEL = "-O";}; };
9E8349611D0941B061489A83 = { isa = XCConfigurationList; buildConfigurations = (C418F3CDD69F5CCCFF6800EC, 9115AE4722E8938E257CE76E,); defaultConfigurationIsVisible = 0; defaultConfigurationName = Release; };
2F09D9BB24961C8EF33909FF = { isa = PBXNativeTarget; name = OdysseusUITests; productName = OdysseusUITests; productReference = 51231B344457F986E4BCF72B; productType = "com.apple.product-type.bundle.ui-testing"; buildConfigurationList = 9E8349611D0941B061489A83; buildPhases = (1FE9A5C5F95B6340F010D460, 0CC78B8A0A64B7DBC539D32D, 76D86D9BF954968D561837CE,); buildRules = (); dependencies = (23FE32B4BD89B4182CB0B659,); };
FBDC4F23F93125BBEEAE800C = { isa = PBXGroup; name = Products; children = (0B7EDEE520D44F51B675334B, 0F1BB79A5F04EEE8315C3642, 51231B344457F986E4BCF72B,); sourceTree = "<group>"; };
B28B7AF69320201D1CF206EB = { isa = PBXGroup; children = (B2F16CD51B9465029DA56D08, 6EB326A38D7D478D720B8D89, 5D54F26002642E405E2FCE82, FBDC4F23F93125BBEEAE800C,); sourceTree = "<group>"; };
89E1FD6268CC0F221A2BE178 = { isa = XCBuildConfiguration; name = Debug; buildSettings = {CLANG_ENABLE_MODULES = "YES"; CLANG_ENABLE_OBJC_ARC = "YES"; SWIFT_OPTIMIZATION_LEVEL = "-Onone"; SWIFT_ACTIVE_COMPILATION_CONDITIONS = "DEBUG"; ENABLE_TESTABILITY = "YES";}; };
E6DE6C99132752C914FEF632 = { isa = XCBuildConfiguration; name = Release; buildSettings = {CLANG_ENABLE_MODULES = "YES"; CLANG_ENABLE_OBJC_ARC = "YES"; SWIFT_OPTIMIZATION_LEVEL = "-O";}; };
862894B703A6DEDF96A9DD6C = { isa = XCConfigurationList; buildConfigurations = (89E1FD6268CC0F221A2BE178, E6DE6C99132752C914FEF632,); defaultConfigurationIsVisible = 0; defaultConfigurationName = Release; };
98F54143AB4E86B28C3AFEE0 = { isa = PBXProject; attributes = {LastUpgradeCheck = 1600; BuildIndependentTargetsInParallel = YES;}; buildConfigurationList = 862894B703A6DEDF96A9DD6C; compatibilityVersion = "Xcode 14.0"; developmentRegion = en; hasScannedForEncodings = 0; knownRegions = (en, Base); mainGroup = B28B7AF69320201D1CF206EB; productRefGroup = FBDC4F23F93125BBEEAE800C; projectDirPath = ""; projectRoot = ""; targets = (733B51755F08ADFDE88065E8, 61313939CC0004B4F1CC9C24, 2F09D9BB24961C8EF33909FF,); };
}; rootObject = 98F54143AB4E86B28C3AFEE0; }
